
Microsoft Visual Studio Solution File, Format Version 12.00
# Visual Studio Version 16
VisualStudioVersion = 16.0.31025.194
MinimumVisualStudioVersion = 10.0.40219.1
Project("{FAE04EC0-301F-11D3-BF4B-00C04F79EFBC}") = "JCMFitnessPostgresAPI", "JCMFitnessPostgresAPI\JCMFitnessPostgresAPI.csproj", "{90D87112-2BB7-45B8-9585-A86F2C485640}"
EndProject
Global
	GlobalSection(SolutionConfigurationPlatforms) = preSolution
		Debug|Any CPU = Debug|Any CPU
		Release|Any CPU = Release|Any CPU
	EndGlobalSection
	GlobalSection(ProjectConfigurationPlatforms) = postSolution
		{90D87112-2BB7-45B8-9585-A86F2C485640}.Debug|Any CPU.ActiveCfg = Debug|Any CPU
		{90D87112-2BB7-45B8-9585-A86F2C485640}.Debug|Any CPU.Build.0 = Debug|Any CPU
		{90D87112-2BB7-45B8-9585-A86F2C485640}.Release|Any CPU.ActiveCfg = Release|Any CPU
		{90D87112-2BB7-45B8-9585-A86F2C485640}.Release|Any CPU.Build.0 = Release|Any CPU
	EndGlobalSection
	GlobalSection(SolutionProperties) = preSolution
		HideSolutionNode = FALSE
	EndGlobalSection
	GlobalSection(ExtensibilityGlobals) = postSolution
		SolutionGuid = {49DB8C24-24D7-47F7-96FE-EDEA1F2500FF}
	EndGlobalSection
EndGlobal
